
Microsoft Visual Studio Solution File, Format Version 12.00
# Visual Studio Version 17
VisualStudioVersion = 17.7.34202.233
MinimumVisualStudioVersion = 10.0.40219.1
Project("{FAE04EC0-301F-11D3-BF4B-00C04F79EFBC}") = "ComplaintsConnectProject", "ComplaintsConnectProject.csproj", "{5BE6975F-D043-47BA-9770-9C55D20C76B0}"
EndProject
Project("{2150E333-8FDC-42A3-9474-1A3956D46DE8}") = "Business", "Business", "{E4B27B83-1666-4957-8AC4-1C4E216D81C1}"
EndProject
Project("{2150E333-8FDC-42A3-9474-1A3956D46DE8}") = "DataAccess", "DataAccess", "{65B06328-9CF0-4FA5-AE55-D99A55A03888}"
EndProject
Project("{FAE04EC0-301F-11D3-BF4B-00C04F79EFBC}") = "Complaints.Business", "..\..\Complaints.Business\Complaints.Business.csproj", "{B7809883-A410-4BBC-9854-08A779C631F6}"
EndProject
Project("{FAE04EC0-301F-11D3-BF4B-00C04F79EFBC}") = "Complaints.IBusiness", "..\Complaints.IBusiness\Complaints.IBusiness.csproj", "{CD4D2F20-66FC-4B32-A315-4AC6841B7444}"
EndProject
Project("{FAE04EC0-301F-11D3-BF4B-00C04F79EFBC}") = "Complaints.Data", "..\..\Complaints.Data\Complaints.Data.csproj", "{314C4C80-46DD-4F27-816C-E0CB82124DCB}"
EndProject
Project("{FAE04EC0-301F-11D3-BF4B-00C04F79EFBC}") = "Complaints.IData", "..\..\Complaints.IData\Complaints.IData.csproj", "{F3AD7D22-C2B4-4FE5-9AAD-662E9040DB93}"
EndProject
Project("{FAE04EC0-301F-11D3-BF4B-00C04F79EFBC}") = "Complaints.Models", "..\..\Complaints.Models\Complaints.Models.csproj", "{5DF5AABA-8087-495A-82D7-FCEAA2DA74E2}"
EndProject
Global
	GlobalSection(SolutionConfigurationPlatforms) = preSolution
		Debug|Any CPU = Debug|Any CPU
		Release|Any CPU = Release|Any CPU
	EndGlobalSection
	GlobalSection(ProjectConfigurationPlatforms) = postSolution
		{5BE6975F-D043-47BA-9770-9C55D20C76B0}.Debug|Any CPU.ActiveCfg = Debug|Any CPU
		{5BE6975F-D043-47BA-9770-9C55D20C76B0}.Debug|Any CPU.Build.0 = Debug|Any CPU
		{5BE6975F-D043-47BA-9770-9C55D20C76B0}.Release|Any CPU.ActiveCfg = Release|Any CPU
		{5BE6975F-D043-47BA-9770-9C55D20C76B0}.Release|Any CPU.Build.0 = Release|Any CPU
		{B7809883-A410-4BBC-9854-08A779C631F6}.Debug|Any CPU.ActiveCfg = Debug|Any CPU
		{B7809883-A410-4BBC-9854-08A779C631F6}.Debug|Any CPU.Build.0 = Debug|Any CPU
		{B7809883-A410-4BBC-9854-08A779C631F6}.Release|Any CPU.ActiveCfg = Release|Any CPU
		{B7809883-A410-4BBC-9854-08A779C631F6}.Release|Any CPU.Build.0 = Release|Any CPU
		{CD4D2F20-66FC-4B32-A315-4AC6841B7444}.Debug|Any CPU.ActiveCfg = Debug|Any CPU
		{CD4D2F20-66FC-4B32-A315-4AC6841B7444}.Debug|Any CPU.Build.0 = Debug|Any CPU
		{CD4D2F20-66FC-4B32-A315-4AC6841B7444}.Release|Any CPU.ActiveCfg = Release|Any CPU
		{CD4D2F20-66FC-4B32-A315-4AC6841B7444}.Release|Any CPU.Build.0 = Release|Any CPU
		{314C4C80-46DD-4F27-816C-E0CB82124DCB}.Debug|Any CPU.ActiveCfg = Debug|Any CPU
		{314C4C80-46DD-4F27-816C-E0CB82124DCB}.Debug|Any CPU.Build.0 = Debug|Any CPU
		{314C4C80-46DD-4F27-816C-E0CB82124DCB}.Release|Any CPU.ActiveCfg = Release|Any CPU
		{314C4C80-46DD-4F27-816C-E0CB82124DCB}.Release|Any CPU.Build.0 = Release|Any CPU
		{F3AD7D22-C2B4-4FE5-9AAD-662E9040DB93}.Debug|Any CPU.ActiveCfg = Debug|Any CPU
		{F3AD7D22-C2B4-4FE5-9AAD-662E9040DB93}.Debug|Any CPU.Build.0 = Debug|Any CPU
		{F3AD7D22-C2B4-4FE5-9AAD-662E9040DB93}.Release|Any CPU.ActiveCfg = Release|Any CPU
		{F3AD7D22-C2B4-4FE5-9AAD-662E9040DB93}.Release|Any CPU.Build.0 = Release|Any CPU
		{5DF5AABA-8087-495A-82D7-FCEAA2DA74E2}.Debug|Any CPU.ActiveCfg = Debug|Any CPU
		{5DF5AABA-8087-495A-82D7-FCEAA2DA74E2}.Debug|Any CPU.Build.0 = Debug|Any CPU
		{5DF5AABA-8087-495A-82D7-FCEAA2DA74E2}.Release|Any CPU.ActiveCfg = Release|Any CPU
		{5DF5AABA-8087-495A-82D7-FCEAA2DA74E2}.Release|Any CPU.Build.0 = Release|Any CPU
	EndGlobalSection
	GlobalSection(SolutionProperties) = preSolution
		HideSolutionNode = FALSE
	EndGlobalSection
	GlobalSection(NestedProjects) = preSolution
		{B7809883-A410-4BBC-9854-08A779C631F6} = {E4B27B83-1666-4957-8AC4-1C4E216D81C1}
		{CD4D2F20-66FC-4B32-A315-4AC6841B7444} = {E4B27B83-1666-4957-8AC4-1C4E216D81C1}
		{314C4C80-46DD-4F27-816C-E0CB82124DCB} = {65B06328-9CF0-4FA5-AE55-D99A55A03888}
		{F3AD7D22-C2B4-4FE5-9AAD-662E9040DB93} = {65B06328-9CF0-4FA5-AE55-D99A55A03888}
	EndGlobalSection
	GlobalSection(ExtensibilityGlobals) = postSolution
		SolutionGuid = {04872C35-0E62-4BC0-B610-55BA15A2DAD8}
	EndGlobalSection
EndGlobal
